
Microsoft Visual Studio Solution File, Format Version 12.00
# Visual Studio 2013
VisualStudioVersion = 12.0.30723.0
MinimumVisualStudioVersion = 10.0.40219.1
Project("{FAE04EC0-301F-11D3-BF4B-00C04F79EFBC}") = "RSB", "RSB\RSB.csproj", "{192B2DD9-8DEF-4212-812E-70CBA1231C9F}"
EndProject
Project("{2150E333-8FDC-42A3-9474-1A3956D46DE8}") = "Tests", "Tests", "{864A99F2-C063-4E56-B47C-3892C0247544}"
EndProject
Project("{2150E333-8FDC-42A3-9474-1A3956D46DE8}") = ".nuget", ".nuget", "{AB2BF54E-4A6B-48CD-8A08-6237E56F6C56}"
	ProjectSection(SolutionItems) = preProject
		.nuget\NuGet.Config = .nuget\NuGet.Config
		.nuget\NuGet.exe = .nuget\NuGet.exe
		.nuget\NuGet.targets = .nuget\NuGet.targets
	EndProjectSection
EndProject
Project("{2150E333-8FDC-42A3-9474-1A3956D46DE8}") = "Solution Items", "Solution Items", "{9DFB37CE-D291-4954-B338-A5C8302EB094}"
	ProjectSection(SolutionItems) = preProject
		README.md = README.md
	EndProjectSection
EndProject
Project("{FAE04EC0-301F-11D3-BF4B-00C04F79EFBC}") = "RSB.Transports.RabbitMQ", "RSB.Transports.RabbitMQ\RSB.Transports.RabbitMQ.csproj", "{C021F4DF-AB9F-4A7A-B580-BFCD46E6B31C}"
EndProject
Project("{FAE04EC0-301F-11D3-BF4B-00C04F79EFBC}") = "RSB.Transports.Redis", "RSB.Transports.Redis\RSB.Transports.Redis.csproj", "{6C5C35A7-2588-43C4-91A4-422D61ECA3DD}"
EndProject
Project("{2150E333-8FDC-42A3-9474-1A3956D46DE8}") = "Transports", "Transports", "{89F0CA91-6FAC-49C2-B643-8685F383A7FB}"
EndProject
Project("{2150E333-8FDC-42A3-9474-1A3956D46DE8}") = "Redis", "Redis", "{C9099DFB-F264-43B4-9064-60E0412D8680}"
EndProject
Project("{2150E333-8FDC-42A3-9474-1A3956D46DE8}") = "RabbitMQ", "RabbitMQ", "{6400D848-AFA0-4E95-8B15-98F384C077A3}"
EndProject
Project("{FAE04EC0-301F-11D3-BF4B-00C04F79EFBC}") = "RSB.Diagnostics", "RSB.Diagnostics\RSB.Diagnostics.csproj", "{4FBB5BC4-CE8B-406F-A896-318AC4A8914E}"
EndProject
Project("{FAE04EC0-301F-11D3-BF4B-00C04F79EFBC}") = "RSB.Diagnostics.HealthChecker", "RSB.Diagnostics.HealthChecker\RSB.Diagnostics.HealthChecker.csproj", "{3A7ECFF8-B2BB-4BBA-84FD-B568CF732B71}"
EndProject
Project("{FAE04EC0-301F-11D3-BF4B-00C04F79EFBC}") = "RSB.Diagnostics.HealthChecker.Web", "RSB.Diagnostics.HealthChecker.Web\RSB.Diagnostics.HealthChecker.Web.csproj", "{8D56876E-05FC-49B7-94AF-18958CEFEE1C}"
EndProject
Project("{2150E333-8FDC-42A3-9474-1A3956D46DE8}") = "Diagnostics", "Diagnostics", "{9C0397E7-FC23-46C0-A6E1-3DA9ADC75AB7}"
EndProject
Project("{FAE04EC0-301F-11D3-BF4B-00C04F79EFBC}") = "RSB.Tests", "RSB.Tests\RSB.Tests.csproj", "{DF1007CB-7783-4148-AF08-BEDCF452E90C}"
EndProject
Project("{2150E333-8FDC-42A3-9474-1A3956D46DE8}") = "Samples", "Samples", "{504BBEB9-50BE-4E0E-9471-26CD69F9F57C}"
EndProject
Global
	GlobalSection(SolutionConfigurationPlatforms) = preSolution
		Debug|Any CPU = Debug|Any CPU
		Release|Any CPU = Release|Any CPU
	EndGlobalSection
	GlobalSection(ProjectConfigurationPlatforms) = postSolution
		{192B2DD9-8DEF-4212-812E-70CBA1231C9F}.Debug|Any CPU.ActiveCfg = Debug|Any CPU
		{192B2DD9-8DEF-4212-812E-70CBA1231C9F}.Debug|Any CPU.Build.0 = Debug|Any CPU
		{192B2DD9-8DEF-4212-812E-70CBA1231C9F}.Release|Any CPU.ActiveCfg = Release|Any CPU
		{192B2DD9-8DEF-4212-812E-70CBA1231C9F}.Release|Any CPU.Build.0 = Release|Any CPU
		{C021F4DF-AB9F-4A7A-B580-BFCD46E6B31C}.Debug|Any CPU.ActiveCfg = Debug|Any CPU
		{C021F4DF-AB9F-4A7A-B580-BFCD46E6B31C}.Debug|Any CPU.Build.0 = Debug|Any CPU
		{C021F4DF-AB9F-4A7A-B580-BFCD46E6B31C}.Release|Any CPU.ActiveCfg = Release|Any CPU
		{C021F4DF-AB9F-4A7A-B580-BFCD46E6B31C}.Release|Any CPU.Build.0 = Release|Any CPU
		{6C5C35A7-2588-43C4-91A4-422D61ECA3DD}.Debug|Any CPU.ActiveCfg = Debug|Any CPU
		{6C5C35A7-2588-43C4-91A4-422D61ECA3DD}.Debug|Any CPU.Build.0 = Debug|Any CPU
		{6C5C35A7-2588-43C4-91A4-422D61ECA3DD}.Release|Any CPU.ActiveCfg = Release|Any CPU
		{6C5C35A7-2588-43C4-91A4-422D61ECA3DD}.Release|Any CPU.Build.0 = Release|Any CPU
		{4FBB5BC4-CE8B-406F-A896-318AC4A8914E}.Debug|Any CPU.ActiveCfg = Debug|Any CPU
		{4FBB5BC4-CE8B-406F-A896-318AC4A8914E}.Debug|Any CPU.Build.0 = Debug|Any CPU
		{4FBB5BC4-CE8B-406F-A896-318AC4A8914E}.Release|Any CPU.ActiveCfg = Release|Any CPU
		{4FBB5BC4-CE8B-406F-A896-318AC4A8914E}.Release|Any CPU.Build.0 = Release|Any CPU
		{3A7ECFF8-B2BB-4BBA-84FD-B568CF732B71}.Debug|Any CPU.ActiveCfg = Debug|Any CPU
		{3A7ECFF8-B2BB-4BBA-84FD-B568CF732B71}.Debug|Any CPU.Build.0 = Debug|Any CPU
		{3A7ECFF8-B2BB-4BBA-84FD-B568CF732B71}.Release|Any CPU.ActiveCfg = Release|Any CPU
		{3A7ECFF8-B2BB-4BBA-84FD-B568CF732B71}.Release|Any CPU.Build.0 = Release|Any CPU
		{8D56876E-05FC-49B7-94AF-18958CEFEE1C}.Debug|Any CPU.ActiveCfg = Debug|Any CPU
		{8D56876E-05FC-49B7-94AF-18958CEFEE1C}.Debug|Any CPU.Build.0 = Debug|Any CPU
		{8D56876E-05FC-49B7-94AF-18958CEFEE1C}.Release|Any CPU.ActiveCfg = Release|Any CPU
		{8D56876E-05FC-49B7-94AF-18958CEFEE1C}.Release|Any CPU.Build.0 = Release|Any CPU
		{DF1007CB-7783-4148-AF08-BEDCF452E90C}.Debug|Any CPU.ActiveCfg = Debug|Any CPU
		{DF1007CB-7783-4148-AF08-BEDCF452E90C}.Debug|Any CPU.Build.0 = Debug|Any CPU
		{DF1007CB-7783-4148-AF08-BEDCF452E90C}.Release|Any CPU.ActiveCfg = Release|Any CPU
		{DF1007CB-7783-4148-AF08-BEDCF452E90C}.Release|Any CPU.Build.0 = Release|Any CPU
	EndGlobalSection
	GlobalSection(SolutionProperties) = preSolution
		HideSolutionNode = FALSE
	EndGlobalSection
	GlobalSection(NestedProjects) = preSolution
		{C021F4DF-AB9F-4A7A-B580-BFCD46E6B31C} = {6400D848-AFA0-4E95-8B15-98F384C077A3}
		{6C5C35A7-2588-43C4-91A4-422D61ECA3DD} = {C9099DFB-F264-43B4-9064-60E0412D8680}
		{C9099DFB-F264-43B4-9064-60E0412D8680} = {89F0CA91-6FAC-49C2-B643-8685F383A7FB}
		{6400D848-AFA0-4E95-8B15-98F384C077A3} = {89F0CA91-6FAC-49C2-B643-8685F383A7FB}
		{4FBB5BC4-CE8B-406F-A896-318AC4A8914E} = {9C0397E7-FC23-46C0-A6E1-3DA9ADC75AB7}
		{3A7ECFF8-B2BB-4BBA-84FD-B568CF732B71} = {9C0397E7-FC23-46C0-A6E1-3DA9ADC75AB7}
		{8D56876E-05FC-49B7-94AF-18958CEFEE1C} = {9C0397E7-FC23-46C0-A6E1-3DA9ADC75AB7}
		{DF1007CB-7783-4148-AF08-BEDCF452E90C} = {864A99F2-C063-4E56-B47C-3892C0247544}
	EndGlobalSection
EndGlobal
