
Microsoft Visual Studio Solution File, Format Version 12.00
# Visual Studio 14
VisualStudioVersion = 14.0.23107.0
MinimumVisualStudioVersion = 10.0.40219.1
Project("{2150E333-8FDC-42A3-9474-1A3956D46DE8}") = "Tests", "Tests", "{864A99F2-C063-4E56-B47C-3892C0247544}"
EndProject
Project("{2150E333-8FDC-42A3-9474-1A3956D46DE8}") = ".nuget", ".nuget", "{AB2BF54E-4A6B-48CD-8A08-6237E56F6C56}"
	ProjectSection(SolutionItems) = preProject
		.nuget\NuGet.Config = .nuget\NuGet.Config
		.nuget\NuGet.exe = .nuget\NuGet.exe
		.nuget\NuGet.targets = .nuget\NuGet.targets
	EndProjectSection
EndProject
Project("{2150E333-8FDC-42A3-9474-1A3956D46DE8}") = "Solution Items", "Solution Items", "{9DFB37CE-D291-4954-B338-A5C8302EB094}"
	ProjectSection(SolutionItems) = preProject
		README.md = README.md
	EndProjectSection
EndProject
Project("{2150E333-8FDC-42A3-9474-1A3956D46DE8}") = "Transports", "Transports", "{89F0CA91-6FAC-49C2-B643-8685F383A7FB}"
EndProject
Project("{2150E333-8FDC-42A3-9474-1A3956D46DE8}") = "RabbitMQ", "RabbitMQ", "{6400D848-AFA0-4E95-8B15-98F384C077A3}"
EndProject
Project("{FAE04EC0-301F-11D3-BF4B-00C04F79EFBC}") = "RSB.Diagnostics", "RSB.Diagnostics\RSB.Diagnostics.csproj", "{4FBB5BC4-CE8B-406F-A896-318AC4A8914E}"
EndProject
Project("{FAE04EC0-301F-11D3-BF4B-00C04F79EFBC}") = "RSB.Diagnostics.HealthChecker", "RSB.Diagnostics.HealthChecker\RSB.Diagnostics.HealthChecker.csproj", "{3A7ECFF8-B2BB-4BBA-84FD-B568CF732B71}"
EndProject
Project("{FAE04EC0-301F-11D3-BF4B-00C04F79EFBC}") = "RSB.Diagnostics.HealthChecker.Web", "RSB.Diagnostics.HealthChecker.Web\RSB.Diagnostics.HealthChecker.Web.csproj", "{8D56876E-05FC-49B7-94AF-18958CEFEE1C}"
EndProject
Project("{2150E333-8FDC-42A3-9474-1A3956D46DE8}") = "Diagnostics", "Diagnostics", "{9C0397E7-FC23-46C0-A6E1-3DA9ADC75AB7}"
EndProject
Project("{2150E333-8FDC-42A3-9474-1A3956D46DE8}") = "Samples", "Samples", "{504BBEB9-50BE-4E0E-9471-26CD69F9F57C}"
EndProject
Project("{FAE04EC0-301F-11D3-BF4B-00C04F79EFBC}") = "RSB.Diagnostics.Tests", "RSB.Diagnostics.Tests\RSB.Diagnostics.Tests.csproj", "{401FC73E-496D-46AC-896B-06A4B253DABA}"
EndProject
Project("{FAE04EC0-301F-11D3-BF4B-00C04F79EFBC}") = "RSB.Diagnostics.DiscoveryClient", "RSB.Diagnostics.DiscoveryClient\RSB.Diagnostics.DiscoveryClient.csproj", "{FB29D796-ACAF-482C-B9A6-63BB0B60E1C6}"
EndProject
Project("{FAE04EC0-301F-11D3-BF4B-00C04F79EFBC}") = "SampleDiscoverableModule", "SampleDiscoverableModule\SampleDiscoverableModule.csproj", "{AF5AE38A-978F-4E45-8FCE-1D41EBB12121}"
EndProject
Project("{8BB2217D-0F2D-49D1-97BC-3654ED321F3B}") = "RSB", "RSB\RSB.xproj", "{2EFA40E1-6C11-44A1-A66D-49A1DFC83565}"
EndProject
Project("{8BB2217D-0F2D-49D1-97BC-3654ED321F3B}") = "RSB.Transports.RabbitMQ", "RSB.Transports.RabbitMQ\RSB.Transports.RabbitMQ.xproj", "{B4D9575C-716E-40D3-B1D2-D18FD1225B4F}"
EndProject
Project("{8BB2217D-0F2D-49D1-97BC-3654ED321F3B}") = "SampleNetCoreConsoleApp", "SampleNetCoreConsoleApp\SampleNetCoreConsoleApp.xproj", "{EAB985E9-893E-45EF-BA36-ED51DF5F3D40}"
EndProject
Project("{FAE04EC0-301F-11D3-BF4B-00C04F79EFBC}") = "SampleNet461ConsoleApp", "SampleNet461ConsoleApp\SampleNet461ConsoleApp.csproj", "{817328B8-CA95-447B-ADE9-CE049A98A933}"
EndProject
Project("{8BB2217D-0F2D-49D1-97BC-3654ED321F3B}") = "RSB.Tests", "RSB.Tests\RSB.Tests.xproj", "{ACA5262B-E684-45BC-9061-DE06B615B179}"
EndProject
Global
	GlobalSection(SolutionConfigurationPlatforms) = preSolution
		Debug|Any CPU = Debug|Any CPU
		Release|Any CPU = Release|Any CPU
	EndGlobalSection
	GlobalSection(ProjectConfigurationPlatforms) = postSolution
		{4FBB5BC4-CE8B-406F-A896-318AC4A8914E}.Debug|Any CPU.ActiveCfg = Debug|Any CPU
		{4FBB5BC4-CE8B-406F-A896-318AC4A8914E}.Debug|Any CPU.Build.0 = Debug|Any CPU
		{4FBB5BC4-CE8B-406F-A896-318AC4A8914E}.Release|Any CPU.ActiveCfg = Release|Any CPU
		{4FBB5BC4-CE8B-406F-A896-318AC4A8914E}.Release|Any CPU.Build.0 = Release|Any CPU
		{3A7ECFF8-B2BB-4BBA-84FD-B568CF732B71}.Debug|Any CPU.ActiveCfg = Debug|Any CPU
		{3A7ECFF8-B2BB-4BBA-84FD-B568CF732B71}.Debug|Any CPU.Build.0 = Debug|Any CPU
		{3A7ECFF8-B2BB-4BBA-84FD-B568CF732B71}.Release|Any CPU.ActiveCfg = Release|Any CPU
		{3A7ECFF8-B2BB-4BBA-84FD-B568CF732B71}.Release|Any CPU.Build.0 = Release|Any CPU
		{8D56876E-05FC-49B7-94AF-18958CEFEE1C}.Debug|Any CPU.ActiveCfg = Debug|Any CPU
		{8D56876E-05FC-49B7-94AF-18958CEFEE1C}.Debug|Any CPU.Build.0 = Debug|Any CPU
		{8D56876E-05FC-49B7-94AF-18958CEFEE1C}.Release|Any CPU.ActiveCfg = Release|Any CPU
		{8D56876E-05FC-49B7-94AF-18958CEFEE1C}.Release|Any CPU.Build.0 = Release|Any CPU
		{401FC73E-496D-46AC-896B-06A4B253DABA}.Debug|Any CPU.ActiveCfg = Debug|Any CPU
		{401FC73E-496D-46AC-896B-06A4B253DABA}.Debug|Any CPU.Build.0 = Debug|Any CPU
		{401FC73E-496D-46AC-896B-06A4B253DABA}.Release|Any CPU.ActiveCfg = Release|Any CPU
		{401FC73E-496D-46AC-896B-06A4B253DABA}.Release|Any CPU.Build.0 = Release|Any CPU
		{FB29D796-ACAF-482C-B9A6-63BB0B60E1C6}.Debug|Any CPU.ActiveCfg = Debug|Any CPU
		{FB29D796-ACAF-482C-B9A6-63BB0B60E1C6}.Debug|Any CPU.Build.0 = Debug|Any CPU
		{FB29D796-ACAF-482C-B9A6-63BB0B60E1C6}.Release|Any CPU.ActiveCfg = Release|Any CPU
		{FB29D796-ACAF-482C-B9A6-63BB0B60E1C6}.Release|Any CPU.Build.0 = Release|Any CPU
		{AF5AE38A-978F-4E45-8FCE-1D41EBB12121}.Debug|Any CPU.ActiveCfg = Debug|Any CPU
		{AF5AE38A-978F-4E45-8FCE-1D41EBB12121}.Debug|Any CPU.Build.0 = Debug|Any CPU
		{AF5AE38A-978F-4E45-8FCE-1D41EBB12121}.Release|Any CPU.ActiveCfg = Release|Any CPU
		{AF5AE38A-978F-4E45-8FCE-1D41EBB12121}.Release|Any CPU.Build.0 = Release|Any CPU
		{2EFA40E1-6C11-44A1-A66D-49A1DFC83565}.Debug|Any CPU.ActiveCfg = Debug|Any CPU
		{2EFA40E1-6C11-44A1-A66D-49A1DFC83565}.Debug|Any CPU.Build.0 = Debug|Any CPU
		{2EFA40E1-6C11-44A1-A66D-49A1DFC83565}.Release|Any CPU.ActiveCfg = Release|Any CPU
		{2EFA40E1-6C11-44A1-A66D-49A1DFC83565}.Release|Any CPU.Build.0 = Release|Any CPU
		{B4D9575C-716E-40D3-B1D2-D18FD1225B4F}.Debug|Any CPU.ActiveCfg = Debug|Any CPU
		{B4D9575C-716E-40D3-B1D2-D18FD1225B4F}.Debug|Any CPU.Build.0 = Debug|Any CPU
		{B4D9575C-716E-40D3-B1D2-D18FD1225B4F}.Release|Any CPU.ActiveCfg = Release|Any CPU
		{B4D9575C-716E-40D3-B1D2-D18FD1225B4F}.Release|Any CPU.Build.0 = Release|Any CPU
		{EAB985E9-893E-45EF-BA36-ED51DF5F3D40}.Debug|Any CPU.ActiveCfg = Debug|Any CPU
		{EAB985E9-893E-45EF-BA36-ED51DF5F3D40}.Debug|Any CPU.Build.0 = Debug|Any CPU
		{EAB985E9-893E-45EF-BA36-ED51DF5F3D40}.Release|Any CPU.ActiveCfg = Release|Any CPU
		{EAB985E9-893E-45EF-BA36-ED51DF5F3D40}.Release|Any CPU.Build.0 = Release|Any CPU
		{817328B8-CA95-447B-ADE9-CE049A98A933}.Debug|Any CPU.ActiveCfg = Debug|Any CPU
		{817328B8-CA95-447B-ADE9-CE049A98A933}.Debug|Any CPU.Build.0 = Debug|Any CPU
		{817328B8-CA95-447B-ADE9-CE049A98A933}.Release|Any CPU.ActiveCfg = Release|Any CPU
		{817328B8-CA95-447B-ADE9-CE049A98A933}.Release|Any CPU.Build.0 = Release|Any CPU
		{ACA5262B-E684-45BC-9061-DE06B615B179}.Debug|Any CPU.ActiveCfg = Debug|Any CPU
		{ACA5262B-E684-45BC-9061-DE06B615B179}.Debug|Any CPU.Build.0 = Debug|Any CPU
		{ACA5262B-E684-45BC-9061-DE06B615B179}.Release|Any CPU.ActiveCfg = Release|Any CPU
		{ACA5262B-E684-45BC-9061-DE06B615B179}.Release|Any CPU.Build.0 = Release|Any CPU
	EndGlobalSection
	GlobalSection(SolutionProperties) = preSolution
		HideSolutionNode = FALSE
	EndGlobalSection
	GlobalSection(NestedProjects) = preSolution
		{6400D848-AFA0-4E95-8B15-98F384C077A3} = {89F0CA91-6FAC-49C2-B643-8685F383A7FB}
		{4FBB5BC4-CE8B-406F-A896-318AC4A8914E} = {9C0397E7-FC23-46C0-A6E1-3DA9ADC75AB7}
		{3A7ECFF8-B2BB-4BBA-84FD-B568CF732B71} = {9C0397E7-FC23-46C0-A6E1-3DA9ADC75AB7}
		{8D56876E-05FC-49B7-94AF-18958CEFEE1C} = {9C0397E7-FC23-46C0-A6E1-3DA9ADC75AB7}
		{401FC73E-496D-46AC-896B-06A4B253DABA} = {9C0397E7-FC23-46C0-A6E1-3DA9ADC75AB7}
		{FB29D796-ACAF-482C-B9A6-63BB0B60E1C6} = {9C0397E7-FC23-46C0-A6E1-3DA9ADC75AB7}
		{AF5AE38A-978F-4E45-8FCE-1D41EBB12121} = {504BBEB9-50BE-4E0E-9471-26CD69F9F57C}
		{B4D9575C-716E-40D3-B1D2-D18FD1225B4F} = {6400D848-AFA0-4E95-8B15-98F384C077A3}
		{EAB985E9-893E-45EF-BA36-ED51DF5F3D40} = {504BBEB9-50BE-4E0E-9471-26CD69F9F57C}
		{817328B8-CA95-447B-ADE9-CE049A98A933} = {504BBEB9-50BE-4E0E-9471-26CD69F9F57C}
		{ACA5262B-E684-45BC-9061-DE06B615B179} = {864A99F2-C063-4E56-B47C-3892C0247544}
	EndGlobalSection
EndGlobal
